
Microsoft Visual Studio Solution File, Format Version 12.00
# Visual Studio Version 16
VisualStudioVersion = 16.0.31729.503
MinimumVisualStudioVersion = 10.0.40219.1
Project("{9A19103F-16F7-4668-BE54-9A1E7A4F7556}") = "Addition", "Addition\Addition.csproj", "{B9CA53E3-3D48-443D-8E17-62A090893497}"
EndProject
Project("{9A19103F-16F7-4668-BE54-9A1E7A4F7556}") = "Task_2", "Task_2\Task_2.csproj", "{CA9FBAFC-39C2-45BD-A9AD-7E248856A9DC}"
EndProject
Project("{FAE04EC0-301F-11D3-BF4B-00C04F79EFBC}") = "Task_3", "Task_3\Task_3.csproj", "{6CB39360-13F9-4B14-B6F6-A377D6D14336}"
EndProject
Global
	GlobalSection(SolutionConfigurationPlatforms) = preSolution
		Debug|Any CPU = Debug|Any CPU
		Release|Any CPU = Release|Any CPU
	EndGlobalSection
	GlobalSection(ProjectConfigurationPlatforms) = postSolution
		{B9CA53E3-3D48-443D-8E17-62A090893497}.Debug|Any CPU.ActiveCfg = Debug|Any CPU
		{B9CA53E3-3D48-443D-8E17-62A090893497}.Debug|Any CPU.Build.0 = Debug|Any CPU
		{B9CA53E3-3D48-443D-8E17-62A090893497}.Release|Any CPU.ActiveCfg = Release|Any CPU
		{B9CA53E3-3D48-443D-8E17-62A090893497}.Release|Any CPU.Build.0 = Release|Any CPU
		{CA9FBAFC-39C2-45BD-A9AD-7E248856A9DC}.Debug|Any CPU.ActiveCfg = Debug|Any CPU
		{CA9FBAFC-39C2-45BD-A9AD-7E248856A9DC}.Debug|Any CPU.Build.0 = Debug|Any CPU
		{CA9FBAFC-39C2-45BD-A9AD-7E248856A9DC}.Release|Any CPU.ActiveCfg = Release|Any CPU
		{CA9FBAFC-39C2-45BD-A9AD-7E248856A9DC}.Release|Any CPU.Build.0 = Release|Any CPU
		{6CB39360-13F9-4B14-B6F6-A377D6D14336}.Debug|Any CPU.ActiveCfg = Debug|Any CPU
		{6CB39360-13F9-4B14-B6F6-A377D6D14336}.Debug|Any CPU.Build.0 = Debug|Any CPU
		{6CB39360-13F9-4B14-B6F6-A377D6D14336}.Release|Any CPU.ActiveCfg = Release|Any CPU
		{6CB39360-13F9-4B14-B6F6-A377D6D14336}.Release|Any CPU.Build.0 = Release|Any CPU
	EndGlobalSection
	GlobalSection(SolutionProperties) = preSolution
		HideSolutionNode = FALSE
	EndGlobalSection
	GlobalSection(ExtensibilityGlobals) = postSolution
		SolutionGuid = {94A2257F-1FB9-4D4F-AA5C-D68DBB696ABE}
	EndGlobalSection
EndGlobal
